
Microsoft Visual Studio Solution File, Format Version 12.00
Project("{FAE04EC0-301F-11D3-BF4B-00C04F79EFBC}") = "Core", "Core\Core.csproj", "{32D41ADE-259C-43DB-9CF5-A93AAB079D3B}"
EndProject
Project("{FAE04EC0-301F-11D3-BF4B-00C04F79EFBC}") = "Cli", "Cli\Cli.csproj", "{DC40EC92-D659-4615-955E-8B169BC6363C}"
EndProject
Project("{FAE04EC0-301F-11D3-BF4B-00C04F79EFBC}") = "Cli.Test", "Cli.Test\Cli.Test.csproj", "{8A9534B3-EF1F-4400-AF19-F92AEDE444A5}"
EndProject
Project("{FAE04EC0-301F-11D3-BF4B-00C04F79EFBC}") = "Auth", "Auth\Auth.csproj", "{A32E0801-DE91-4FC9-9003-E81C4B652A09}"
EndProject
Project("{FAE04EC0-301F-11D3-BF4B-00C04F79EFBC}") = "Core.Test", "Core.Test\Core.Test.csproj", "{59EDF24F-8E0B-4BB2-A43E-4A327D4F7CA9}"
EndProject
Project("{FAE04EC0-301F-11D3-BF4B-00C04F79EFBC}") = "Web", "Web\Web.csproj", "{5447985B-643D-41BB-A6AC-786A3AAD87EA}"
EndProject
Project("{FAE04EC0-301F-11D3-BF4B-00C04F79EFBC}") = "WebMock", "WebMock\WebMock.csproj", "{F5C5CEA6-068A-4E40-B889-04F52101A996}"
EndProject
Project("{FAE04EC0-301F-11D3-BF4B-00C04F79EFBC}") = "Yaml", "Yaml\Yaml.csproj", "{CD7EDB7B-738A-4353-8821-293A47AB9625}"
EndProject
Project("{FAE04EC0-301F-11D3-BF4B-00C04F79EFBC}") = "Web.Test", "Web.Test\Web.Test.csproj", "{B56900D7-75AF-41A7-8D90-9AD5E7E0E62E}"
EndProject
Project("{FAE04EC0-301F-11D3-BF4B-00C04F79EFBC}") = "Yaml.Test", "Yaml.Test\Yaml.Test.csproj", "{071598D1-9366-4CEE-B0BC-E7CAB4A1FA17}"
EndProject
Project("{FAE04EC0-301F-11D3-BF4B-00C04F79EFBC}") = "Json", "Json\Json.csproj", "{B72039ED-CCF6-42B9-9801-F3CE5AED64F6}"
EndProject
Project("{FAE04EC0-301F-11D3-BF4B-00C04F79EFBC}") = "Json.Test", "Json.Test\Json.Test.csproj", "{AD5EE406-8C91-4594-B71B-8D62FC5D62ED}"
EndProject
Global
	GlobalSection(SolutionConfigurationPlatforms) = preSolution
		Debug|Any CPU = Debug|Any CPU
		Release|Any CPU = Release|Any CPU
	EndGlobalSection
	GlobalSection(ProjectConfigurationPlatforms) = postSolution
		{32D41ADE-259C-43DB-9CF5-A93AAB079D3B}.Debug|Any CPU.ActiveCfg = Debug|Any CPU
		{32D41ADE-259C-43DB-9CF5-A93AAB079D3B}.Debug|Any CPU.Build.0 = Debug|Any CPU
		{32D41ADE-259C-43DB-9CF5-A93AAB079D3B}.Release|Any CPU.ActiveCfg = Release|Any CPU
		{32D41ADE-259C-43DB-9CF5-A93AAB079D3B}.Release|Any CPU.Build.0 = Release|Any CPU
		{DC40EC92-D659-4615-955E-8B169BC6363C}.Debug|Any CPU.ActiveCfg = Debug|Any CPU
		{DC40EC92-D659-4615-955E-8B169BC6363C}.Debug|Any CPU.Build.0 = Debug|Any CPU
		{DC40EC92-D659-4615-955E-8B169BC6363C}.Release|Any CPU.ActiveCfg = Release|Any CPU
		{DC40EC92-D659-4615-955E-8B169BC6363C}.Release|Any CPU.Build.0 = Release|Any CPU
		{8A9534B3-EF1F-4400-AF19-F92AEDE444A5}.Debug|Any CPU.ActiveCfg = Debug|Any CPU
		{8A9534B3-EF1F-4400-AF19-F92AEDE444A5}.Debug|Any CPU.Build.0 = Debug|Any CPU
		{8A9534B3-EF1F-4400-AF19-F92AEDE444A5}.Release|Any CPU.ActiveCfg = Release|Any CPU
		{8A9534B3-EF1F-4400-AF19-F92AEDE444A5}.Release|Any CPU.Build.0 = Release|Any CPU
		{A32E0801-DE91-4FC9-9003-E81C4B652A09}.Debug|Any CPU.ActiveCfg = Debug|Any CPU
		{A32E0801-DE91-4FC9-9003-E81C4B652A09}.Debug|Any CPU.Build.0 = Debug|Any CPU
		{A32E0801-DE91-4FC9-9003-E81C4B652A09}.Release|Any CPU.ActiveCfg = Release|Any CPU
		{A32E0801-DE91-4FC9-9003-E81C4B652A09}.Release|Any CPU.Build.0 = Release|Any CPU
		{59EDF24F-8E0B-4BB2-A43E-4A327D4F7CA9}.Debug|Any CPU.ActiveCfg = Debug|Any CPU
		{59EDF24F-8E0B-4BB2-A43E-4A327D4F7CA9}.Debug|Any CPU.Build.0 = Debug|Any CPU
		{59EDF24F-8E0B-4BB2-A43E-4A327D4F7CA9}.Release|Any CPU.ActiveCfg = Release|Any CPU
		{59EDF24F-8E0B-4BB2-A43E-4A327D4F7CA9}.Release|Any CPU.Build.0 = Release|Any CPU
		{5447985B-643D-41BB-A6AC-786A3AAD87EA}.Debug|Any CPU.ActiveCfg = Debug|Any CPU
		{5447985B-643D-41BB-A6AC-786A3AAD87EA}.Debug|Any CPU.Build.0 = Debug|Any CPU
		{5447985B-643D-41BB-A6AC-786A3AAD87EA}.Release|Any CPU.ActiveCfg = Release|Any CPU
		{5447985B-643D-41BB-A6AC-786A3AAD87EA}.Release|Any CPU.Build.0 = Release|Any CPU
		{F5C5CEA6-068A-4E40-B889-04F52101A996}.Debug|Any CPU.ActiveCfg = Debug|Any CPU
		{F5C5CEA6-068A-4E40-B889-04F52101A996}.Debug|Any CPU.Build.0 = Debug|Any CPU
		{F5C5CEA6-068A-4E40-B889-04F52101A996}.Release|Any CPU.ActiveCfg = Release|Any CPU
		{F5C5CEA6-068A-4E40-B889-04F52101A996}.Release|Any CPU.Build.0 = Release|Any CPU
		{CD7EDB7B-738A-4353-8821-293A47AB9625}.Debug|Any CPU.ActiveCfg = Debug|Any CPU
		{CD7EDB7B-738A-4353-8821-293A47AB9625}.Debug|Any CPU.Build.0 = Debug|Any CPU
		{CD7EDB7B-738A-4353-8821-293A47AB9625}.Release|Any CPU.ActiveCfg = Release|Any CPU
		{CD7EDB7B-738A-4353-8821-293A47AB9625}.Release|Any CPU.Build.0 = Release|Any CPU
		{B56900D7-75AF-41A7-8D90-9AD5E7E0E62E}.Debug|Any CPU.ActiveCfg = Debug|Any CPU
		{B56900D7-75AF-41A7-8D90-9AD5E7E0E62E}.Debug|Any CPU.Build.0 = Debug|Any CPU
		{B56900D7-75AF-41A7-8D90-9AD5E7E0E62E}.Release|Any CPU.ActiveCfg = Release|Any CPU
		{B56900D7-75AF-41A7-8D90-9AD5E7E0E62E}.Release|Any CPU.Build.0 = Release|Any CPU
		{071598D1-9366-4CEE-B0BC-E7CAB4A1FA17}.Debug|Any CPU.ActiveCfg = Debug|Any CPU
		{071598D1-9366-4CEE-B0BC-E7CAB4A1FA17}.Debug|Any CPU.Build.0 = Debug|Any CPU
		{071598D1-9366-4CEE-B0BC-E7CAB4A1FA17}.Release|Any CPU.ActiveCfg = Release|Any CPU
		{071598D1-9366-4CEE-B0BC-E7CAB4A1FA17}.Release|Any CPU.Build.0 = Release|Any CPU
		{B72039ED-CCF6-42B9-9801-F3CE5AED64F6}.Debug|Any CPU.ActiveCfg = Debug|Any CPU
		{B72039ED-CCF6-42B9-9801-F3CE5AED64F6}.Debug|Any CPU.Build.0 = Debug|Any CPU
		{B72039ED-CCF6-42B9-9801-F3CE5AED64F6}.Release|Any CPU.ActiveCfg = Release|Any CPU
		{B72039ED-CCF6-42B9-9801-F3CE5AED64F6}.Release|Any CPU.Build.0 = Release|Any CPU
		{AD5EE406-8C91-4594-B71B-8D62FC5D62ED}.Debug|Any CPU.ActiveCfg = Debug|Any CPU
		{AD5EE406-8C91-4594-B71B-8D62FC5D62ED}.Debug|Any CPU.Build.0 = Debug|Any CPU
		{AD5EE406-8C91-4594-B71B-8D62FC5D62ED}.Release|Any CPU.ActiveCfg = Release|Any CPU
		{AD5EE406-8C91-4594-B71B-8D62FC5D62ED}.Release|Any CPU.Build.0 = Release|Any CPU
	EndGlobalSection
EndGlobal
